// !$*UTF8*$!
{
	archiveVersion = 1;
	classes = {
	};
	objectVersion = 46;
	objects = {

/* Begin PBXBuildFile section */
		10D011FC1B4EB84F0085E668 /* main.m in Sources */ = {isa = PBXBuildFile; fileRef = 10D011FB1B4EB84F0085E668 /* main.m */; };
		10D011FF1B4EB84F0085E668 /* AppDelegate.m in Sources */ = {isa = PBXBuildFile; fileRef = 10D011FE1B4EB84F0085E668 /* AppDelegate.m */; };
		10D012051B4EB84F0085E668 /* Main.storyboard in Resources */ = {isa = PBXBuildFile; fileRef = 10D012031B4EB84F0085E668 /* Main.storyboard */; };
		10D012071B4EB84F0085E668 /* Images.xcassets in Resources */ = {isa = PBXBuildFile; fileRef = 10D012061B4EB84F0085E668 /* Images.xcassets */; };
		10D0120A1B4EB84F0085E668 /* LaunchScreen.xib in Resources */ = {isa = PBXBuildFile; fileRef = 10D012081B4EB84F0085E668 /* LaunchScreen.xib */; };
		10D012161B4EB84F0085E668 /* CountDownTimerForTableViewTests.m in Sources */ = {isa = PBXBuildFile; fileRef = 10D012151B4EB84F0085E668 /* CountDownTimerForTableViewTests.m */; };
		10D012291B4EB85D0085E668 /* ViewController.m in Sources */ = {isa = PBXBuildFile; fileRef = 10D012201B4EB85D0085E668 /* ViewController.m */; };
		10D0122A1B4EB85D0085E668 /* UITableView+Style.m in Sources */ = {isa = PBXBuildFile; fileRef = 10D012221B4EB85D0085E668 /* UITableView+Style.m */; };
		10D0122B1B4EB85D0085E668 /* TimeModel.m in Sources */ = {isa = PBXBuildFile; fileRef = 10D012241B4EB85D0085E668 /* TimeModel.m */; };
		10D0122C1B4EB85D0085E668 /* BaseTableViewCell.m in Sources */ = {isa = PBXBuildFile; fileRef = 10D012261B4EB85D0085E668 /* BaseTableViewCell.m */; };
		10D0122D1B4EB85D0085E668 /* CountDownTimeCell.m in Sources */ = {isa = PBXBuildFile; fileRef = 10D012281B4EB85D0085E668 /* CountDownTimeCell.m */; };
/* End PBXBuildFile section */

/* Begin PBXContainerItemProxy section */
		10D012101B4EB84F0085E668 /* PBXContainerItemProxy */ = {
			isa = PBXContainerItemProxy;
			containerPortal = 10D011EE1B4EB84E0085E668 /* Project object */;
			proxyType = 1;
			remoteGlobalIDString = 10D011F51B4EB84E0085E668;
			remoteInfo = CountDownTimerForTableView;
		};
/* End PBXContainerItemProxy section */

/* Begin PBXFileReference section */
		10D011F61B4EB84F0085E668 /* CountDownTimerForTableView.app */ = {isa = PBXFileReference; explicitFileType = wrapper.application; includeInIndex = 0; path = CountDownTimerForTableView.app; sourceTree = BUILT_PRODUCTS_DIR; };
		10D011FA1B4EB84F0085E668 /* Info.plist */ = {isa = PBXFileReference; lastKnownFileType = text.plist.xml; path = Info.plist; sourceTree = "<group>"; };
		10D011FB1B4EB84F0085E668 /* main.m */ = {isa = PBXFileReference; lastKnownFileType = sourcecode.c.objc; path = main.m; sourceTree = "<group>"; };
		10D011FD1B4EB84F0085E668 /* AppDelegate.h */ = {isa = PBXFileReference; lastKnownFileType = sourcecode.c.h; path = AppDelegate.h; sourceTree = "<group>"; };
		10D011FE1B4EB84F0085E668 /* AppDelegate.m */ = {isa = PBXFileReference; lastKnownFileType = sourcecode.c.objc; path = AppDelegate.m; sourceTree = "<group>"; };
		10D012041B4EB84F0085E668 /* Base */ = {isa = PBXFileReference; lastKnownFileType = file.storyboard; name = Base; path = Base.lproj/Main.storyboard; sourceTree = "<group>"; };
		10D012061B4EB84F0085E668 /* Images.xcassets */ = {isa = PBXFileReference; lastKnownFileType = folder.assetcatalog; path = Images.xcassets; sourceTree = "<group>"; };
		10D012091B4EB84F0085E668 /* Base */ = {isa = PBXFileReference; lastKnownFileType = file.xib; name = Base; path = Base.lproj/LaunchScreen.xib; sourceTree = "<group>"; };
		10D0120F1B4EB84F0085E668 /* CountDownTimerForTableViewTests.xctest */ = {isa = PBXFileReference; explicitFileType = wrapper.cfbundle; includeInIndex = 0; path = CountDownTimerForTableViewTests.xctest; sourceTree = BUILT_PRODUCTS_DIR; };
		10D012141B4EB84F0085E668 /* Info.plist */ = {isa = PBXFileReference; lastKnownFileType = text.plist.xml; path = Info.plist; sourceTree = "<group>"; };
		10D012151B4EB84F0085E668 /* CountDownTimerForTableViewTests.m */ = {isa = PBXFileReference; lastKnownFileType = sourcecode.c.objc; path = CountDownTimerForTableViewTests.m; sourceTree = "<group>"; };
		10D0121F1B4EB85D0085E668 /* ViewController.h */ = {isa = PBXFileReference; fileEncoding = 4; lastKnownFileType = sourcecode.c.h; path = ViewController.h; sourceTree = "<group>"; };
		10D012201B4EB85D0085E668 /* ViewController.m */ = {isa = PBXFileReference; fileEncoding = 4; lastKnownFileType = sourcecode.c.objc; path = ViewController.m; sourceTree = "<group>"; };
		10D012211B4EB85D0085E668 /* UITableView+Style.h */ = {isa = PBXFileReference; fileEncoding = 4; lastKnownFileType = sourcecode.c.h; path = "UITableView+Style.h"; sourceTree = "<group>"; };
		10D012221B4EB85D0085E668 /* UITableView+Style.m */ = {isa = PBXFileReference; fileEncoding = 4; lastKnownFileType = sourcecode.c.objc; path = "UITableView+Style.m"; sourceTree = "<group>"; };
		10D012231B4EB85D0085E668 /* TimeModel.h */ = {isa = PBXFileReference; fileEncoding = 4; lastKnownFileType = sourcecode.c.h; path = TimeModel.h; sourceTree = "<group>"; };
		10D012241B4EB85D0085E668 /* TimeModel.m */ = {isa = PBXFileReference; fileEncoding = 4; lastKnownFileType = sourcecode.c.objc; path = TimeModel.m; sourceTree = "<group>"; };
		10D012251B4EB85D0085E668 /* BaseTableViewCell.h */ = {isa = PBXFileReference; fileEncoding = 4; lastKnownFileType = sourcecode.c.h; path = BaseTableViewCell.h; sourceTree = "<group>"; };
		10D012261B4EB85D0085E668 /* BaseTableViewCell.m */ = {isa = PBXFileReference; fileEncoding = 4; lastKnownFileType = sourcecode.c.objc; path = BaseTableViewCell.m; sourceTree = "<group>"; };
		10D012271B4EB85D0085E668 /* CountDownTimeCell.h */ = {isa = PBXFileReference; fileEncoding = 4; lastKnownFileType = sourcecode.c.h; path = CountDownTimeCell.h; sourceTree = "<group>"; };
		10D012281B4EB85D0085E668 /* CountDownTimeCell.m */ = {isa = PBXFileReference; fileEncoding = 4; lastKnownFileType = sourcecode.c.objc; path = CountDownTimeCell.m; sourceTree = "<group>"; };
/* End PBXFileReference section */

/* Begin PBXFrameworksBuildPhase section */
		10D011F31B4EB84E0085E668 /* Frameworks */ = {
			isa = PBXFrameworksBuildPhase;
			buildActionMask = 2147483647;
			files = (
			);
			runOnlyForDeploymentPostprocessing = 0;
		};
		10D0120C1B4EB84F0085E668 /* Frameworks */ = {
			isa = PBXFrameworksBuildPhase;
			buildActionMask = 2147483647;
			files = (
			);
			runOnlyForDeploymentPostprocessing = 0;
		};
/* End PBXFrameworksBuildPhase section */

/* Begin PBXGroup section */
		10D011ED1B4EB84E0085E668 = {
			isa = PBXGroup;
			children = (
				10D011F81B4EB84F0085E668 /* CountDownTimerForTableView */,
				10D012121B4EB84F0085E668 /* CountDownTimerForTableViewTests */,
				10D011F71B4EB84F0085E668 /* Products */,
			);
			sourceTree = "<group>";
		};
		10D011F71B4EB84F0085E668 /* Products */ = {
			isa = PBXGroup;
			children = (
				10D011F61B4EB84F0085E668 /* CountDownTimerForTableView.app */,
				10D0120F1B4EB84F0085E668 /* CountDownTimerForTableViewTests.xctest */,
			);
			name = Products;
			sourceTree = "<group>";
		};
		10D011F81B4EB84F0085E668 /* CountDownTimerForTableView */ = {
			isa = PBXGroup;
			children = (
				10D011FD1B4EB84F0085E668 /* AppDelegate.h */,
				10D011FE1B4EB84F0085E668 /* AppDelegate.m */,
				10D0121F1B4EB85D0085E668 /* ViewController.h */,
				10D012201B4EB85D0085E668 /* ViewController.m */,
				10D012211B4EB85D0085E668 /* UITableView+Style.h */,
				10D012221B4EB85D0085E668 /* UITableView+Style.m */,
				10D012231B4EB85D0085E668 /* TimeModel.h */,
				10D012241B4EB85D0085E668 /* TimeModel.m */,
				10D012251B4EB85D0085E668 /* BaseTableViewCell.h */,
				10D012261B4EB85D0085E668 /* BaseTableViewCell.m */,
				10D012271B4EB85D0085E668 /* CountDownTimeCell.h */,
				10D012281B4EB85D0085E668 /* CountDownTimeCell.m */,
				10D012031B4EB84F0085E668 /* Main.storyboard */,
				10D012061B4EB84F0085E668 /* Images.xcassets */,
				10D012081B4EB84F0085E668 /* LaunchScreen.xib */,
				10D011F91B4EB84F0085E668 /* Supporting Files */,
			);
			path = CountDownTimerForTableView;
			sourceTree = "<group>";
		};
		10D011F91B4EB84F0085E668 /* Supporting Files */ = {
			isa = PBXGroup;
			children = (
				10D011FA1B4EB84F0085E668 /* Info.plist */,
				10D011FB1B4EB84F0085E668 /* main.m */,
			);
			name = "Supporting Files";
			sourceTree = "<group>";
		};
		10D012121B4EB84F0085E668 /* CountDownTimerForTableViewTests */ = {
			isa = PBXGroup;
			children = (
				10D012151B4EB84F0085E668 /* CountDownTimerForTableViewTests.m */,
				10D012131B4EB84F0085E668 /* Supporting Files */,
			);
			path = CountDownTimerForTableViewTests;
			sourceTree = "<group>";
		};
		10D012131B4EB84F0085E668 /* Supporting Files */ = {
			isa = PBXGroup;
			children = (
				10D012141B4EB84F0085E668 /* Info.plist */,
			);
			name = "Supporting Files";
			sourceTree = "<group>";
		};
/* End PBXGroup section */

/* Begin PBXNativeTarget section */
		10D011F51B4EB84E0085E668 /* CountDownTimerForTableView */ = {
			isa = PBXNativeTarget;
			buildConfigurationList = 10D012191B4EB84F0085E668 /* Build configuration list for PBXNativeTarget "CountDownTimerForTableView" */;
			buildPhases = (
				10D011F21B4EB84E0085E668 /* Sources */,
				10D011F31B4EB84E0085E668 /* Frameworks */,
				10D011F41B4EB84E0085E668 /* Resources */,
			);
			buildRules = (
			);
			dependencies = (
			);
			name = CountDownTimerForTableView;
			productName = CountDownTimerForTableView;
			productReference = 10D011F61B4EB84F0085E668 /* CountDownTimerForTableView.app */;
			productType = "com.apple.product-type.application";
		};
		10D0120E1B4EB84F0085E668 /* CountDownTimerForTableViewTests */ = {
			isa = PBXNativeTarget;
			buildConfigurationList = 10D0121C1B4EB84F0085E668 /* Build configuration list for PBXNativeTarget "CountDownTimerForTableViewTests" */;
			buildPhases = (
				10D0120B1B4EB84F0085E668 /* Sources */,
				10D0120C1B4EB84F0085E668 /* Frameworks */,
				10D0120D1B4EB84F0085E668 /* Resources */,
			);
			buildRules = (
			);
			dependencies = (
				10D012111B4EB84F0085E668 /* PBXTargetDependency */,
			);
			name = CountDownTimerForTableViewTests;
			productName = CountDownTimerForTableViewTests;
			productReference = 10D0120F1B4EB84F0085E668 /* CountDownTimerForTableViewTests.xctest */;
			productType = "com.apple.product-type.bundle.unit-test";
		};
/* End PBXNativeTarget section */

/* Begin PBXProject section */
		10D011EE1B4EB84E0085E668 /* Project object */ = {
			isa = PBXProject;
			attributes = {
				LastUpgradeCheck = 0640;
				ORGANIZATIONNAME = YouXianMing;
				TargetAttributes = {
					10D011F51B4EB84E0085E668 = {
						CreatedOnToolsVersion = 6.4;
					};
					10D0120E1B4EB84F0085E668 = {
						CreatedOnToolsVersion = 6.4;
						TestTargetID = 10D011F51B4EB84E0085E668;
					};
				};
			};
			buildConfigurationList = 10D011F11B4EB84E0085E668 /* Build configuration list for PBXProject "CountDownTimerForTableView" */;
			compatibilityVersion = "Xcode 3.2";
			developmentRegion = English;
			hasScannedForEncodings = 0;
			knownRegions = (
				en,
				Base,
			);
			mainGroup = 10D011ED1B4EB84E0085E668;
			productRefGroup = 10D011F71B4EB84F0085E668 /* Products */;
			projectDirPath = "";
			projectRoot = "";
			targets = (
				10D011F51B4EB84E0085E668 /* CountDownTimerForTableView */,
				10D0120E1B4EB84F0085E668 /* CountDownTimerForTableViewTests */,
			);
		};
/* End PBXProject section */

/* Begin PBXResourcesBuildPhase section */
		10D011F41B4EB84E0085E668 /* Resources */ = {
			isa = PBXResourcesBuildPhase;
			buildActionMask = 2147483647;
			files = (
				10D012051B4EB84F0085E668 /* Main.storyboard in Resources */,
				10D0120A1B4EB84F0085E668 /* LaunchScreen.xib in Resources */,
				10D012071B4EB84F0085E668 /* Images.xcassets in Resources */,
			);
			runOnlyForDeploymentPostprocessing = 0;
		};
		10D0120D1B4EB84F0085E668 /* Resources */ = {
			isa = PBXResourcesBuildPhase;
			buildActionMask = 2147483647;
			files = (
			);
			runOnlyForDeploymentPostprocessing = 0;
		};
/* End PBXResourcesBuildPhase section */

/* Begin PBXSourcesBuildPhase section */
		10D011F21B4EB84E0085E668 /* Sources */ = {
			isa = PBXSourcesBuildPhase;
			buildActionMask = 2147483647;
			files = (
				10D0122C1B4EB85D0085E668 /* BaseTableViewCell.m in Sources */,
				10D012291B4EB85D0085E668 /* ViewController.m in Sources */,
				10D011FF1B4EB84F0085E668 /* AppDelegate.m in Sources */,
				10D0122D1B4EB85D0085E668 /* CountDownTimeCell.m in Sources */,
				10D011FC1B4EB84F0085E668 /* main.m in Sources */,
				10D0122B1B4EB85D0085E668 /* TimeModel.m in Sources */,
				10D0122A1B4EB85D0085E668 /* UITableView+Style.m in Sources */,
			);
			runOnlyForDeploymentPostprocessing = 0;
		};
		10D0120B1B4EB84F0085E668 /* Sources */ = {
			isa = PBXSourcesBuildPhase;
			buildActionMask = 2147483647;
			files = (
				10D012161B4EB84F0085E668 /* CountDownTimerForTableViewTests.m in Sources */,
			);
			runOnlyForDeploymentPostprocessing = 0;
		};
/* End PBXSourcesBuildPhase section */

/* Begin PBXTargetDependency section */
		10D012111B4EB84F0085E668 /* PBXTargetDependency */ = {
			isa = PBXTargetDependency;
			target = 10D011F51B4EB84E0085E668 /* CountDownTimerForTableView */;
			targetProxy = 10D012101B4EB84F0085E668 /* PBXContainerItemProxy */;
		};
/* End PBXTargetDependency section */

/* Begin PBXVariantGroup section */
		10D012031B4EB84F0085E668 /* Main.storyboard */ = {
			isa = PBXVariantGroup;
			children = (
				10D012041B4EB84F0085E668 /* Base */,
			);
			name = Main.storyboard;
			sourceTree = "<group>";
		};
		10D012081B4EB84F0085E668 /* LaunchScreen.xib */ = {
			isa = PBXVariantGroup;
			children = (
				10D012091B4EB84F0085E668 /* Base */,
			);
			name = LaunchScreen.xib;
			sourceTree = "<group>";
		};
/* End PBXVariantGroup section */

/* Begin XCBuildConfiguration section */
		10D012171B4EB84F0085E668 /* Debug */ = {
			isa = XCBuildConfiguration;
			buildSettings = {
				ALWAYS_SEARCH_USER_PATHS = NO;
				CLANG_CXX_LANGUAGE_STANDARD = "gnu++0x";
				CLANG_CXX_LIBRARY = "libc++";
				CLANG_ENABLE_MODULES = YES;
				CLANG_ENABLE_OBJC_ARC = YES;
				CLANG_WARN_BOOL_CONVERSION = YES;
				CLANG_WARN_CONSTANT_CONVERSION = YES;
				CLANG_WARN_DIRECT_OBJC_ISA_USAGE = YES_ERROR;
				CLANG_WARN_EMPTY_BODY = YES;
				CLANG_WARN_ENUM_CONVERSION = YES;
				CLANG_WARN_INT_CONVERSION = YES;
				CLANG_WARN_OBJC_ROOT_CLASS = YES_ERROR;
				CLANG_WARN_UNREACHABLE_CODE = YES;
				CLANG_WARN__DUPLICATE_METHOD_MATCH = YES;
				"CODE_SIGN_IDENTITY[sdk=iphoneos*]" = "iPhone Developer";
				COPY_PHASE_STRIP = NO;
				DEBUG_INFORMATION_FORMAT = "dwarf-with-dsym";
				ENABLE_STRICT_OBJC_MSGSEND = YES;
				GCC_C_LANGUAGE_STANDARD = gnu99;
				GCC_DYNAMIC_NO_PIC = NO;
				GCC_NO_COMMON_BLOCKS = YES;
				GCC_OPTIMIZATION_LEVEL = 0;
				GCC_PREPROCESSOR_DEFINITIONS = (
					"DEBUG=1",
					"$(inherited)",
				);
				GCC_SYMBOLS_PRIVATE_EXTERN = NO;
				GCC_WARN_64_TO_32_BIT_CONVERSION = YES;
				GCC_WARN_ABOUT_RETURN_TYPE = YES_ERROR;
				GCC_WARN_UNDECLARED_SELECTOR = YES;
				GCC_WARN_UNINITIALIZED_AUTOS = YES_AGGRESSIVE;
				GCC_WARN_UNUSED_FUNCTION = YES;
				GCC_WARN_UNUSED_VARIABLE = YES;
				IPHONEOS_DEPLOYMENT_TARGET = 8.4;
				MTL_ENABLE_DEBUG_INFO = YES;
				ONLY_ACTIVE_ARCH = YES;
				SDKROOT = iphoneos;
				TARGETED_DEVICE_FAMILY = "1,2";
			};
			name = Debug;
		};
		10D012181B4EB84F0085E668 /* Release */ = {
			isa = XCBuildConfiguration;
			buildSettings = {
				ALWAYS_SEARCH_USER_PATHS = NO;
				CLANG_CXX_LANGUAGE_STANDARD = "gnu++0x";
				CLANG_CXX_LIBRARY = "libc++";
				CLANG_ENABLE_MODULES = YES;
				CLANG_ENABLE_OBJC_ARC = YES;
				CLANG_WARN_BOOL_CONVERSION = YES;
				CLANG_WARN_CONSTANT_CONVERSION = YES;
				CLANG_WARN_DIRECT_OBJC_ISA_USAGE = YES_ERROR;
				CLANG_WARN_EMPTY_BODY = YES;
				CLANG_WARN_ENUM_CONVERSION = YES;
				CLANG_WARN_INT_CONVERSION = YES;
				CLANG_WARN_OBJC_ROOT_CLASS = YES_ERROR;
				CLANG_WARN_UNREACHABLE_CODE = YES;
				CLANG_WARN__DUPLICATE_METHOD_MATCH = YES;
				"CODE_SIGN_IDENTITY[sdk=iphoneos*]" = "iPhone Developer";
				COPY_PHASE_STRIP = NO;
				DEBUG_INFORMATION_FORMAT = "dwarf-with-dsym";
				ENABLE_NS_ASSERTIONS = NO;
				ENABLE_STRICT_OBJC_MSGSEND = YES;
				GCC_C_LANGUAGE_STANDARD = gnu99;
				GCC_NO_COMMON_BLOCKS = YES;
				GCC_WARN_64_TO_32_BIT_CONVERSION = YES;
				GCC_WARN_ABOUT_RETURN_TYPE = YES_ERROR;
				GCC_WARN_UNDECLARED_SELECTOR = YES;
				GCC_WARN_UNINITIALIZED_AUTOS = YES_AGGRESSIVE;
				GCC_WARN_UNUSED_FUNCTION = YES;
				GCC_WARN_UNUSED_VARIABLE = YES;
				IPHONEOS_DEPLOYMENT_TARGET = 8.4;
				MTL_ENABLE_DEBUG_INFO = NO;
				SDKROOT = iphoneos;
				TARGETED_DEVICE_FAMILY = "1,2";
				VALIDATE_PRODUCT = YES;
			};
			name = Release;
		};
		10D0121A1B4EB84F0085E668 /* Debug */ = {
			isa = XCBuildConfiguration;
			buildSettings = {
				ASSETCATALOG_COMPILER_APPICON_NAME = AppIcon;
				INFOPLIST_FILE = CountDownTimerForTableView/Info.plist;
				LD_RUNPATH_SEARCH_PATHS = "$(inherited) @executable_path/Frameworks";
				PRODUCT_NAME = "$(TARGET_NAME)";
			};
			name = Debug;
		};
		10D0121B1B4EB84F0085E668 /* Release */ = {
			isa = XCBuildConfiguration;
			buildSettings = {
				ASSETCATALOG_COMPILER_APPICON_NAME = AppIcon;
				INFOPLIST_FILE = CountDownTimerForTableView/Info.plist;
				LD_RUNPATH_SEARCH_PATHS = "$(inherited) @executable_path/Frameworks";
				PRODUCT_NAME = "$(TARGET_NAME)";
			};
			name = Release;
		};
		10D0121D1B4EB84F0085E668 /* Debug */ = {
			isa = XCBuildConfiguration;
			buildSettings = {
				BUNDLE_LOADER = "$(TEST_HOST)";
				FRAMEWORK_SEARCH_PATHS = (
					"$(SDKROOT)/Developer/Library/Frameworks",
					"$(inherited)",
				);
				GCC_PREPROCESSOR_DEFINITIONS = (
					"DEBUG=1",
					"$(inherited)",
				);
				INFOPLIST_FILE = CountDownTimerForTableViewTests/Info.plist;
				LD_RUNPATH_SEARCH_PATHS = "$(inherited) @executable_path/Frameworks @loader_path/Frameworks";
				PRODUCT_NAME = "$(TARGET_NAME)";
				TEST_HOST = "$(BUILT_PRODUCTS_DIR)/CountDownTimerForTableView.app/CountDownTimerForTableView";
			};
			name = Debug;
		};
		10D0121E1B4EB84F0085E668 /* Release */ = {
			isa = XCBuildConfiguration;
			buildSettings = {
				BUNDLE_LOADER = "$(TEST_HOST)";
				FRAMEWORK_SEARCH_PATHS = (
					"$(SDKROOT)/Developer/Library/Frameworks",
					"$(inherited)",
				);
				INFOPLIST_FILE = CountDownTimerForTableViewTests/Info.plist;
				LD_RUNPATH_SEARCH_PATHS = "$(inherited) @executable_path/Frameworks @loader_path/Frameworks";
				PRODUCT_NAME = "$(TARGET_NAME)";
				TEST_HOST = "$(BUILT_PRODUCTS_DIR)/CountDownTimerForTableView.app/CountDownTimerForTableView";
			};
			name = Release;
		};
/* End XCBuildConfiguration section */

/* Begin XCConfigurationList section */
		10D011F11B4EB84E0085E668 /* Build configuration list for PBXProject "CountDownTimerForTableView" */ = {
			isa = XCConfigurationList;
			buildConfigurations = (
				10D012171B4EB84F0085E668 /* Debug */,
				10D012181B4EB84F0085E668 /* Release */,
			);
			defaultConfigurationIsVisible = 0;
			defaultConfigurationName = Release;
		};
		10D012191B4EB84F0085E668 /* Build configuration list for PBXNativeTarget "CountDownTimerForTableView" */ = {
			isa = XCConfigurationList;
			buildConfigurations = (
				10D0121A1B4EB84F0085E668 /* Debug */,
				10D0121B1B4EB84F0085E668 /* Release */,
			);
			defaultConfigurationIsVisible = 0;
		};
		10D0121C1B4EB84F0085E668 /* Build configuration list for PBXNativeTarget "CountDownTimerForTableViewTests" */ = {
			isa = XCConfigurationList;
			buildConfigurations = (
				10D0121D1B4EB84F0085E668 /* Debug */,
				10D0121E1B4EB84F0085E668 /* Release */,
			);
			defaultConfigurationIsVisible = 0;
		};
/* End XCConfigurationList section */
	};
	rootObject = 10D011EE1B4EB84E0085E668 /* Project object */;
}
